
Microsoft Visual Studio Solution File, Format Version 12.00
# Visual Studio Version 16
VisualStudioVersion = 16.0.30517.126
MinimumVisualStudioVersion = 10.0.40219.1
Project("{FAE04EC0-301F-11D3-BF4B-00C04F79EFBC}") = "XmlParser.Core", "XmlParser.Core\XmlParser.Core.csproj", "{7C2D52EB-3C65-4C07-8154-8C50240A9A8B}"
EndProject
Project("{FAE04EC0-301F-11D3-BF4B-00C04F79EFBC}") = "XmlParser.Entities", "XmlParser.Entities\XmlParser.Entities.csproj", "{DDEF100E-08A5-4C6C-8557-E94958D03B93}"
EndProject
Project("{FAE04EC0-301F-11D3-BF4B-00C04F79EFBC}") = "XmlParser.DataAccess", "XmlParser.DataAccess\XmlParser.DataAccess.csproj", "{9DE08574-4E90-4E5E-BA12-3EEBECF31B7B}"
EndProject
Project("{FAE04EC0-301F-11D3-BF4B-00C04F79EFBC}") = "XmlParser.Business", "XmlParser.Business\XmlParser.Business.csproj", "{832595D0-10A5-43C5-BC26-3F81FE48C474}"
EndProject
Project("{FAE04EC0-301F-11D3-BF4B-00C04F79EFBC}") = "XmlParser.WinForm", "XmlParser.WinForm\XmlParser.WinForm.csproj", "{83B9C9BC-382A-4DF4-9D1D-400F6A505504}"
EndProject
Global
	GlobalSection(SolutionConfigurationPlatforms) = preSolution
		Debug|Any CPU = Debug|Any CPU
		Release|Any CPU = Release|Any CPU
	EndGlobalSection
	GlobalSection(ProjectConfigurationPlatforms) = postSolution
		{7C2D52EB-3C65-4C07-8154-8C50240A9A8B}.Debug|Any CPU.ActiveCfg = Debug|Any CPU
		{7C2D52EB-3C65-4C07-8154-8C50240A9A8B}.Debug|Any CPU.Build.0 = Debug|Any CPU
		{7C2D52EB-3C65-4C07-8154-8C50240A9A8B}.Release|Any CPU.ActiveCfg = Release|Any CPU
		{7C2D52EB-3C65-4C07-8154-8C50240A9A8B}.Release|Any CPU.Build.0 = Release|Any CPU
		{DDEF100E-08A5-4C6C-8557-E94958D03B93}.Debug|Any CPU.ActiveCfg = Debug|Any CPU
		{DDEF100E-08A5-4C6C-8557-E94958D03B93}.Debug|Any CPU.Build.0 = Debug|Any CPU
		{DDEF100E-08A5-4C6C-8557-E94958D03B93}.Release|Any CPU.ActiveCfg = Release|Any CPU
		{DDEF100E-08A5-4C6C-8557-E94958D03B93}.Release|Any CPU.Build.0 = Release|Any CPU
		{9DE08574-4E90-4E5E-BA12-3EEBECF31B7B}.Debug|Any CPU.ActiveCfg = Debug|Any CPU
		{9DE08574-4E90-4E5E-BA12-3EEBECF31B7B}.Debug|Any CPU.Build.0 = Debug|Any CPU
		{9DE08574-4E90-4E5E-BA12-3EEBECF31B7B}.Release|Any CPU.ActiveCfg = Release|Any CPU
		{9DE08574-4E90-4E5E-BA12-3EEBECF31B7B}.Release|Any CPU.Build.0 = Release|Any CPU
		{832595D0-10A5-43C5-BC26-3F81FE48C474}.Debug|Any CPU.ActiveCfg = Debug|Any CPU
		{832595D0-10A5-43C5-BC26-3F81FE48C474}.Debug|Any CPU.Build.0 = Debug|Any CPU
		{832595D0-10A5-43C5-BC26-3F81FE48C474}.Release|Any CPU.ActiveCfg = Release|Any CPU
		{832595D0-10A5-43C5-BC26-3F81FE48C474}.Release|Any CPU.Build.0 = Release|Any CPU
		{83B9C9BC-382A-4DF4-9D1D-400F6A505504}.Debug|Any CPU.ActiveCfg = Debug|Any CPU
		{83B9C9BC-382A-4DF4-9D1D-400F6A505504}.Debug|Any CPU.Build.0 = Debug|Any CPU
		{83B9C9BC-382A-4DF4-9D1D-400F6A505504}.Release|Any CPU.ActiveCfg = Release|Any CPU
		{83B9C9BC-382A-4DF4-9D1D-400F6A505504}.Release|Any CPU.Build.0 = Release|Any CPU
	EndGlobalSection
	GlobalSection(SolutionProperties) = preSolution
		HideSolutionNode = FALSE
	EndGlobalSection
	GlobalSection(ExtensibilityGlobals) = postSolution
		SolutionGuid = {7737B647-C7E0-467C-A869-9E2C21133FC8}
	EndGlobalSection
EndGlobal
